
Microsoft Visual Studio Solution File, Format Version 12.00
# Visual Studio 2013
VisualStudioVersion = 12.0.40629.0
MinimumVisualStudioVersion = 10.0.40219.1
Project("{FAE04EC0-301F-11D3-BF4B-00C04F79EFBC}") = "DocX-Sample", "DocX-Sample\DocX-Sample.csproj", "{701CFDF1-7CE3-4495-B68C-4928E05DAD6F}"
EndProject
Global
	GlobalSection(SolutionConfigurationPlatforms) = preSolution
		Debug|Any CPU = Debug|Any CPU
		Release|Any CPU = Release|Any CPU
	EndGlobalSection
	GlobalSection(ProjectConfigurationPlatforms) = postSolution
		{701CFDF1-7CE3-4495-B68C-4928E05DAD6F}.Debug|Any CPU.ActiveCfg = Debug|Any CPU
		{701CFDF1-7CE3-4495-B68C-4928E05DAD6F}.Debug|Any CPU.Build.0 = Debug|Any CPU
		{701CFDF1-7CE3-4495-B68C-4928E05DAD6F}.Release|Any CPU.ActiveCfg = Release|Any CPU
		{701CFDF1-7CE3-4495-B68C-4928E05DAD6F}.Release|Any CPU.Build.0 = Release|Any CPU
	EndGlobalSection
	GlobalSection(SolutionProperties) = preSolution
		HideSolutionNode = FALSE
	EndGlobalSection
EndGlobal
